
Microsoft Visual Studio Solution File, Format Version 12.00
# Visual Studio 2013
VisualStudioVersion = 12.0.31101.0
MinimumVisualStudioVersion = 10.0.40219.1
Project("{FAE04EC0-301F-11D3-BF4B-00C04F79EFBC}") = "HotDog", "HotDog\HotDog.csproj", "{A3611ABA-EDD1-4862-A5E4-AE4BBA0026B3}"
EndProject
Project("{FAE04EC0-301F-11D3-BF4B-00C04F79EFBC}") = "HotDog.Tests", "HotDog.Tests\HotDog.Tests.csproj", "{5552404D-465E-41D5-AB47-4241A207C7B4}"
EndProject
Global
	GlobalSection(SolutionConfigurationPlatforms) = preSolution
		Debug|Any CPU = Debug|Any CPU
		Release|Any CPU = Release|Any CPU
	EndGlobalSection
	GlobalSection(ProjectConfigurationPlatforms) = postSolution
		{A3611ABA-EDD1-4862-A5E4-AE4BBA0026B3}.Debug|Any CPU.ActiveCfg = Debug|Any CPU
		{A3611ABA-EDD1-4862-A5E4-AE4BBA0026B3}.Debug|Any CPU.Build.0 = Debug|Any CPU
		{A3611ABA-EDD1-4862-A5E4-AE4BBA0026B3}.Release|Any CPU.ActiveCfg = Release|Any CPU
		{A3611ABA-EDD1-4862-A5E4-AE4BBA0026B3}.Release|Any CPU.Build.0 = Release|Any CPU
		{5552404D-465E-41D5-AB47-4241A207C7B4}.Debug|Any CPU.ActiveCfg = Debug|Any CPU
		{5552404D-465E-41D5-AB47-4241A207C7B4}.Debug|Any CPU.Build.0 = Debug|Any CPU
		{5552404D-465E-41D5-AB47-4241A207C7B4}.Release|Any CPU.ActiveCfg = Release|Any CPU
		{5552404D-465E-41D5-AB47-4241A207C7B4}.Release|Any CPU.Build.0 = Release|Any CPU
	EndGlobalSection
	GlobalSection(SolutionProperties) = preSolution
		HideSolutionNode = FALSE
	EndGlobalSection
EndGlobal
